
Microsoft Visual Studio Solution File, Format Version 12.00
# Visual Studio Version 16
VisualStudioVersion = 16.0.29905.134
MinimumVisualStudioVersion = 10.0.40219.1
Project("{FAE04EC0-301F-11D3-BF4B-00C04F79EFBC}") = "TableSoccer.Server", "TableSoccer\Server\TableSoccer.Server.csproj", "{69A0C6F5-8AB5-4123-B58C-A632497D9A22}"
EndProject
Project("{FAE04EC0-301F-11D3-BF4B-00C04F79EFBC}") = "TableSoccer.Client", "TableSoccer\Client\TableSoccer.Client.csproj", "{5BCB7FCC-1668-454B-8032-72C64E7E0273}"
EndProject
Project("{FAE04EC0-301F-11D3-BF4B-00C04F79EFBC}") = "TableSoccer.Shared", "TableSoccer\Shared\TableSoccer.Shared.csproj", "{9A032C2B-DAF9-4791-8634-011E868A9387}"
EndProject
Global
	GlobalSection(SolutionConfigurationPlatforms) = preSolution
		Debug|Any CPU = Debug|Any CPU
		Release|Any CPU = Release|Any CPU
	EndGlobalSection
	GlobalSection(ProjectConfigurationPlatforms) = postSolution
		{69A0C6F5-8AB5-4123-B58C-A632497D9A22}.Debug|Any CPU.ActiveCfg = Debug|Any CPU
		{69A0C6F5-8AB5-4123-B58C-A632497D9A22}.Debug|Any CPU.Build.0 = Debug|Any CPU
		{69A0C6F5-8AB5-4123-B58C-A632497D9A22}.Release|Any CPU.ActiveCfg = Release|Any CPU
		{69A0C6F5-8AB5-4123-B58C-A632497D9A22}.Release|Any CPU.Build.0 = Release|Any CPU
		{5BCB7FCC-1668-454B-8032-72C64E7E0273}.Debug|Any CPU.ActiveCfg = Debug|Any CPU
		{5BCB7FCC-1668-454B-8032-72C64E7E0273}.Debug|Any CPU.Build.0 = Debug|Any CPU
		{5BCB7FCC-1668-454B-8032-72C64E7E0273}.Release|Any CPU.ActiveCfg = Release|Any CPU
		{5BCB7FCC-1668-454B-8032-72C64E7E0273}.Release|Any CPU.Build.0 = Release|Any CPU
		{9A032C2B-DAF9-4791-8634-011E868A9387}.Debug|Any CPU.ActiveCfg = Debug|Any CPU
		{9A032C2B-DAF9-4791-8634-011E868A9387}.Debug|Any CPU.Build.0 = Debug|Any CPU
		{9A032C2B-DAF9-4791-8634-011E868A9387}.Release|Any CPU.ActiveCfg = Release|Any CPU
		{9A032C2B-DAF9-4791-8634-011E868A9387}.Release|Any CPU.Build.0 = Release|Any CPU
	EndGlobalSection
	GlobalSection(SolutionProperties) = preSolution
		HideSolutionNode = FALSE
	EndGlobalSection
	GlobalSection(ExtensibilityGlobals) = postSolution
		SolutionGuid = {DB5817D2-9111-4921-B5D2-D655CAEB1605}
	EndGlobalSection
EndGlobal
